Microsoft Visual Studio Solution File, Format Version 12.00
# Visual Studio Version 17
VisualStudioVersion = 17.5.2.0
MinimumVisualStudioVersion = 10.0.40219.1
Project("{2150E333-8FDC-42A3-9474-1A3956D46DE8}") = "samples", "samples", "{5D20AA90-6969-D8BD-9DCD-8634F4692FDA}"
EndProject
Project("{2150E333-8FDC-42A3-9474-1A3956D46DE8}") = "src", "src", "{827E0CD3-B72D-47B6-A68D-7590B98EB39B}"
EndProject
Project("{2150E333-8FDC-42A3-9474-1A3956D46DE8}") = "tests", "tests", "{0AB3BF05-4346-4AA6-1389-037BE0695223}"
EndProject
Project("{2150E333-8FDC-42A3-9474-1A3956D46DE8}") = "_bmad-output", "_bmad-output", "{D33E4074-2C03-F38F-D147-1BB65ABC1CBC}"
EndProject
Project("{FAE04EC0-301F-11D3-BF4B-00C04F79EFBC}") = "Hexalith.EventStore.Sample", "samples\Hexalith.EventStore.Sample\Hexalith.EventStore.Sample.csproj", "{A73B7785-B695-8446-EDAE-F8B50F40CC4E}"
EndProject
Project("{FAE04EC0-301F-11D3-BF4B-00C04F79EFBC}") = "Hexalith.EventStore.AppHost", "src\Hexalith.EventStore.AppHost\Hexalith.EventStore.AppHost.csproj", "{86C2CE56-3403-2BEA-EAD3-9E306A930CB6}"
EndProject
Project("{FAE04EC0-301F-11D3-BF4B-00C04F79EFBC}") = "Hexalith.EventStore.Aspire", "src\Hexalith.EventStore.Aspire\Hexalith.EventStore.Aspire.csproj", "{4FC5CA9B-8DCF-7BB4-D619-F345F03DFF2E}"
EndProject
Project("{FAE04EC0-301F-11D3-BF4B-00C04F79EFBC}") = "Hexalith.EventStore.Client", "src\Hexalith.EventStore.Client\Hexalith.EventStore.Client.csproj", "{B5AF2CAC-8F93-7DD9-E068-C91D197B50F6}"
EndProject
Project("{FAE04EC0-301F-11D3-BF4B-00C04F79EFBC}") = "Hexalith.EventStore.CommandApi", "src\Hexalith.EventStore.CommandApi\Hexalith.EventStore.CommandApi.csproj", "{A80D59A2-FCA9-EAB7-188B-32848E0FBE66}"
EndProject
Project("{FAE04EC0-301F-11D3-BF4B-00C04F79EFBC}") = "Hexalith.EventStore.Contracts", "src\Hexalith.EventStore.Contracts\Hexalith.EventStore.Contracts.csproj", "{D33E8F36-93C8-C97C-33CD-7E45087334A2}"
EndProject
Project("{FAE04EC0-301F-11D3-BF4B-00C04F79EFBC}") = "Hexalith.EventStore.Server", "src\Hexalith.EventStore.Server\Hexalith.EventStore.Server.csproj", "{36B1FCB7-4F18-6BD0-BA95-CA6CEC889560}"
EndProject
Project("{FAE04EC0-301F-11D3-BF4B-00C04F79EFBC}") = "Hexalith.EventStore.ServiceDefaults", "src\Hexalith.EventStore.ServiceDefaults\Hexalith.EventStore.ServiceDefaults.csproj", "{8FE5CDDB-B8A7-F44A-B3F0-AD0A366E47F7}"
EndProject
Project("{FAE04EC0-301F-11D3-BF4B-00C04F79EFBC}") = "Hexalith.EventStore.Testing", "src\Hexalith.EventStore.Testing\Hexalith.EventStore.Testing.csproj", "{4D6B856D-F8F9-E6CC-1B32-9C37F372FD03}"
EndProject
Project("{FAE04EC0-301F-11D3-BF4B-00C04F79EFBC}") = "Hexalith.EventStore.Client.Tests", "tests\Hexalith.EventStore.Client.Tests\Hexalith.EventStore.Client.Tests.csproj", "{4025BCC3-B20D-06D6-1A51-F8CBE65459AF}"
EndProject
Project("{FAE04EC0-301F-11D3-BF4B-00C04F79EFBC}") = "Hexalith.EventStore.Contracts.Tests", "tests\Hexalith.EventStore.Contracts.Tests\Hexalith.EventStore.Contracts.Tests.csproj", "{F80B6D8A-5064-CF90-5150-77BE0C4B8EFF}"
EndProject
Project("{FAE04EC0-301F-11D3-BF4B-00C04F79EFBC}") = "Hexalith.EventStore.IntegrationTests", "tests\Hexalith.EventStore.IntegrationTests\Hexalith.EventStore.IntegrationTests.csproj", "{430CE994-19B9-F53E-B24F-B87294BFF73F}"
EndProject
Project("{FAE04EC0-301F-11D3-BF4B-00C04F79EFBC}") = "Hexalith.EventStore.Sample.Tests", "tests\Hexalith.EventStore.Sample.Tests\Hexalith.EventStore.Sample.Tests.csproj", "{89A11D56-8D78-354A-76A2-7D84CC9BC89B}"
EndProject
Project("{FAE04EC0-301F-11D3-BF4B-00C04F79EFBC}") = "Hexalith.EventStore.Server.Tests", "tests\Hexalith.EventStore.Server.Tests\Hexalith.EventStore.Server.Tests.csproj", "{987A14FD-9B6C-61E3-7D47-07C58D273444}"
EndProject
Project("{FAE04EC0-301F-11D3-BF4B-00C04F79EFBC}") = "Hexalith.EventStore.Testing.Tests", "tests\Hexalith.EventStore.Testing.Tests\Hexalith.EventStore.Testing.Tests.csproj", "{06EA1832-10A2-4666-1A49-A759A2C6FFEB}"
EndProject
Project("{2150E333-8FDC-42A3-9474-1A3956D46DE8}") = "planning-artifacts", "planning-artifacts", "{B4173C58-0B33-C1AD-AEE6-06468DB92D11}"
EndProject
Project("{FAE04EC0-301F-11D3-BF4B-00C04F79EFBC}") = "Hexalith.EventStore.DesignDirections", "_bmad-output\planning-artifacts\design-directions-prototype\Hexalith.EventStore.DesignDirections.csproj", "{062BAEEC-67DB-1AF5-9885-C9FD3C0F4162}"
EndProject
Global
	GlobalSection(SolutionConfigurationPlatforms) = preSolution
		Debug|Any CPU = Debug|Any CPU
		Release|Any CPU = Release|Any CPU
	EndGlobalSection
	GlobalSection(ProjectConfigurationPlatforms) = postSolution
		{A73B7785-B695-8446-EDAE-F8B50F40CC4E}.Debug|Any CPU.ActiveCfg = Debug|Any CPU
		{A73B7785-B695-8446-EDAE-F8B50F40CC4E}.Debug|Any CPU.Build.0 = Debug|Any CPU
		{A73B7785-B695-8446-EDAE-F8B50F40CC4E}.Release|Any CPU.ActiveCfg = Release|Any CPU
		{A73B7785-B695-8446-EDAE-F8B50F40CC4E}.Release|Any CPU.Build.0 = Release|Any CPU
		{86C2CE56-3403-2BEA-EAD3-9E306A930CB6}.Debug|Any CPU.ActiveCfg = Debug|Any CPU
		{86C2CE56-3403-2BEA-EAD3-9E306A930CB6}.Debug|Any CPU.Build.0 = Debug|Any CPU
		{86C2CE56-3403-2BEA-EAD3-9E306A930CB6}.Release|Any CPU.ActiveCfg = Release|Any CPU
		{86C2CE56-3403-2BEA-EAD3-9E306A930CB6}.Release|Any CPU.Build.0 = Release|Any CPU
		{4FC5CA9B-8DCF-7BB4-D619-F345F03DFF2E}.Debug|Any CPU.ActiveCfg = Debug|Any CPU
		{4FC5CA9B-8DCF-7BB4-D619-F345F03DFF2E}.Debug|Any CPU.Build.0 = Debug|Any CPU
		{4FC5CA9B-8DCF-7BB4-D619-F345F03DFF2E}.Release|Any CPU.ActiveCfg = Release|Any CPU
		{4FC5CA9B-8DCF-7BB4-D619-F345F03DFF2E}.Release|Any CPU.Build.0 = Release|Any CPU
		{B5AF2CAC-8F93-7DD9-E068-C91D197B50F6}.Debug|Any CPU.ActiveCfg = Debug|Any CPU
		{B5AF2CAC-8F93-7DD9-E068-C91D197B50F6}.Debug|Any CPU.Build.0 = Debug|Any CPU
		{B5AF2CAC-8F93-7DD9-E068-C91D197B50F6}.Release|Any CPU.ActiveCfg = Release|Any CPU
		{B5AF2CAC-8F93-7DD9-E068-C91D197B50F6}.Release|Any CPU.Build.0 = Release|Any CPU
		{A80D59A2-FCA9-EAB7-188B-32848E0FBE66}.Debug|Any CPU.ActiveCfg = Debug|Any CPU
		{A80D59A2-FCA9-EAB7-188B-32848E0FBE66}.Debug|Any CPU.Build.0 = Debug|Any CPU
		{A80D59A2-FCA9-EAB7-188B-32848E0FBE66}.Release|Any CPU.ActiveCfg = Release|Any CPU
		{A80D59A2-FCA9-EAB7-188B-32848E0FBE66}.Release|Any CPU.Build.0 = Release|Any CPU
		{D33E8F36-93C8-C97C-33CD-7E45087334A2}.Debug|Any CPU.ActiveCfg = Debug|Any CPU
		{D33E8F36-93C8-C97C-33CD-7E45087334A2}.Debug|Any CPU.Build.0 = Debug|Any CPU
		{D33E8F36-93C8-C97C-33CD-7E45087334A2}.Release|Any CPU.ActiveCfg = Release|Any CPU
		{D33E8F36-93C8-C97C-33CD-7E45087334A2}.Release|Any CPU.Build.0 = Release|Any CPU
		{36B1FCB7-4F18-6BD0-BA95-CA6CEC889560}.Debug|Any CPU.ActiveCfg = Debug|Any CPU
		{36B1FCB7-4F18-6BD0-BA95-CA6CEC889560}.Debug|Any CPU.Build.0 = Debug|Any CPU
		{36B1FCB7-4F18-6BD0-BA95-CA6CEC889560}.Release|Any CPU.ActiveCfg = Release|Any CPU
		{36B1FCB7-4F18-6BD0-BA95-CA6CEC889560}.Release|Any CPU.Build.0 = Release|Any CPU
		{8FE5CDDB-B8A7-F44A-B3F0-AD0A366E47F7}.Debug|Any CPU.ActiveCfg = Debug|Any CPU
		{8FE5CDDB-B8A7-F44A-B3F0-AD0A366E47F7}.Debug|Any CPU.Build.0 = Debug|Any CPU
		{8FE5CDDB-B8A7-F44A-B3F0-AD0A366E47F7}.Release|Any CPU.ActiveCfg = Release|Any CPU
		{8FE5CDDB-B8A7-F44A-B3F0-AD0A366E47F7}.Release|Any CPU.Build.0 = Release|Any CPU
		{4D6B856D-F8F9-E6CC-1B32-9C37F372FD03}.Debug|Any CPU.ActiveCfg = Debug|Any CPU
		{4D6B856D-F8F9-E6CC-1B32-9C37F372FD03}.Debug|Any CPU.Build.0 = Debug|Any CPU
		{4D6B856D-F8F9-E6CC-1B32-9C37F372FD03}.Release|Any CPU.ActiveCfg = Release|Any CPU
		{4D6B856D-F8F9-E6CC-1B32-9C37F372FD03}.Release|Any CPU.Build.0 = Release|Any CPU
		{4025BCC3-B20D-06D6-1A51-F8CBE65459AF}.Debug|Any CPU.ActiveCfg = Debug|Any CPU
		{4025BCC3-B20D-06D6-1A51-F8CBE65459AF}.Debug|Any CPU.Build.0 = Debug|Any CPU
		{4025BCC3-B20D-06D6-1A51-F8CBE65459AF}.Release|Any CPU.ActiveCfg = Release|Any CPU
		{4025BCC3-B20D-06D6-1A51-F8CBE65459AF}.Release|Any CPU.Build.0 = Release|Any CPU
		{F80B6D8A-5064-CF90-5150-77BE0C4B8EFF}.Debug|Any CPU.ActiveCfg = Debug|Any CPU
		{F80B6D8A-5064-CF90-5150-77BE0C4B8EFF}.Debug|Any CPU.Build.0 = Debug|Any CPU
		{F80B6D8A-5064-CF90-5150-77BE0C4B8EFF}.Release|Any CPU.ActiveCfg = Release|Any CPU
		{F80B6D8A-5064-CF90-5150-77BE0C4B8EFF}.Release|Any CPU.Build.0 = Release|Any CPU
		{430CE994-19B9-F53E-B24F-B87294BFF73F}.Debug|Any CPU.ActiveCfg = Debug|Any CPU
		{430CE994-19B9-F53E-B24F-B87294BFF73F}.Debug|Any CPU.Build.0 = Debug|Any CPU
		{430CE994-19B9-F53E-B24F-B87294BFF73F}.Release|Any CPU.ActiveCfg = Release|Any CPU
		{430CE994-19B9-F53E-B24F-B87294BFF73F}.Release|Any CPU.Build.0 = Release|Any CPU
		{89A11D56-8D78-354A-76A2-7D84CC9BC89B}.Debug|Any CPU.ActiveCfg = Debug|Any CPU
		{89A11D56-8D78-354A-76A2-7D84CC9BC89B}.Debug|Any CPU.Build.0 = Debug|Any CPU
		{89A11D56-8D78-354A-76A2-7D84CC9BC89B}.Release|Any CPU.ActiveCfg = Release|Any CPU
		{89A11D56-8D78-354A-76A2-7D84CC9BC89B}.Release|Any CPU.Build.0 = Release|Any CPU
		{987A14FD-9B6C-61E3-7D47-07C58D273444}.Debug|Any CPU.ActiveCfg = Debug|Any CPU
		{987A14FD-9B6C-61E3-7D47-07C58D273444}.Debug|Any CPU.Build.0 = Debug|Any CPU
		{987A14FD-9B6C-61E3-7D47-07C58D273444}.Release|Any CPU.ActiveCfg = Release|Any CPU
		{987A14FD-9B6C-61E3-7D47-07C58D273444}.Release|Any CPU.Build.0 = Release|Any CPU
		{06EA1832-10A2-4666-1A49-A759A2C6FFEB}.Debug|Any CPU.ActiveCfg = Debug|Any CPU
		{06EA1832-10A2-4666-1A49-A759A2C6FFEB}.Debug|Any CPU.Build.0 = Debug|Any CPU
		{06EA1832-10A2-4666-1A49-A759A2C6FFEB}.Release|Any CPU.ActiveCfg = Release|Any CPU
		{06EA1832-10A2-4666-1A49-A759A2C6FFEB}.Release|Any CPU.Build.0 = Release|Any CPU
		{062BAEEC-67DB-1AF5-9885-C9FD3C0F4162}.Debug|Any CPU.ActiveCfg = Debug|Any CPU
		{062BAEEC-67DB-1AF5-9885-C9FD3C0F4162}.Debug|Any CPU.Build.0 = Debug|Any CPU
		{062BAEEC-67DB-1AF5-9885-C9FD3C0F4162}.Release|Any CPU.ActiveCfg = Release|Any CPU
		{062BAEEC-67DB-1AF5-9885-C9FD3C0F4162}.Release|Any CPU.Build.0 = Release|Any CPU
	EndGlobalSection
	GlobalSection(SolutionProperties) = preSolution
		HideSolutionNode = FALSE
	EndGlobalSection
	GlobalSection(NestedProjects) = preSolution
		{A73B7785-B695-8446-EDAE-F8B50F40CC4E} = {5D20AA90-6969-D8BD-9DCD-8634F4692FDA}
		{86C2CE56-3403-2BEA-EAD3-9E306A930CB6} = {827E0CD3-B72D-47B6-A68D-7590B98EB39B}
		{4FC5CA9B-8DCF-7BB4-D619-F345F03DFF2E} = {827E0CD3-B72D-47B6-A68D-7590B98EB39B}
		{B5AF2CAC-8F93-7DD9-E068-C91D197B50F6} = {827E0CD3-B72D-47B6-A68D-7590B98EB39B}
		{A80D59A2-FCA9-EAB7-188B-32848E0FBE66} = {827E0CD3-B72D-47B6-A68D-7590B98EB39B}
		{D33E8F36-93C8-C97C-33CD-7E45087334A2} = {827E0CD3-B72D-47B6-A68D-7590B98EB39B}
		{36B1FCB7-4F18-6BD0-BA95-CA6CEC889560} = {827E0CD3-B72D-47B6-A68D-7590B98EB39B}
		{8FE5CDDB-B8A7-F44A-B3F0-AD0A366E47F7} = {827E0CD3-B72D-47B6-A68D-7590B98EB39B}
		{4D6B856D-F8F9-E6CC-1B32-9C37F372FD03} = {827E0CD3-B72D-47B6-A68D-7590B98EB39B}
		{4025BCC3-B20D-06D6-1A51-F8CBE65459AF} = {0AB3BF05-4346-4AA6-1389-037BE0695223}
		{F80B6D8A-5064-CF90-5150-77BE0C4B8EFF} = {0AB3BF05-4346-4AA6-1389-037BE0695223}
		{430CE994-19B9-F53E-B24F-B87294BFF73F} = {0AB3BF05-4346-4AA6-1389-037BE0695223}
		{89A11D56-8D78-354A-76A2-7D84CC9BC89B} = {0AB3BF05-4346-4AA6-1389-037BE0695223}
		{987A14FD-9B6C-61E3-7D47-07C58D273444} = {0AB3BF05-4346-4AA6-1389-037BE0695223}
		{06EA1832-10A2-4666-1A49-A759A2C6FFEB} = {0AB3BF05-4346-4AA6-1389-037BE0695223}
		{B4173C58-0B33-C1AD-AEE6-06468DB92D11} = {D33E4074-2C03-F38F-D147-1BB65ABC1CBC}
		{062BAEEC-67DB-1AF5-9885-C9FD3C0F4162} = {B4173C58-0B33-C1AD-AEE6-06468DB92D11}
	EndGlobalSection
	GlobalSection(ExtensibilityGlobals) = postSolution
		SolutionGuid = {3A059F69-F960-4F0E-A3BA-87FA52F9D60E}
	EndGlobalSection
EndGlobal
