Microsoft Visual Studio Solution File, Format Version 12.00
# Visual Studio Version 17
VisualStudioVersion = 17.14.35906.104
MinimumVisualStudioVersion = 10.0.40219.1
Project("{2150E333-8FDC-42A3-9474-1A3956D46DE8}") = "Github", "Github", "{02EA681E-C7D8-13C7-8484-4AC65E1B71E8}"
EndProject
Project("{2150E333-8FDC-42A3-9474-1A3956D46DE8}") = "_build", "_build", "{BEF876D7-271A-4034-B0DA-6FA1F3CD4005}"
	ProjectSection(SolutionItems) = preProject
		.clinerules = .clinerules
		.cursorrules = .cursorrules
		.gitignore = .gitignore
		ai-assistant-instructions.md = ai-assistant-instructions.md
		ai-commit-prompt.md = ai-commit-prompt.md
		Environment.Build.props = Environment.Build.props
		Hexalith.Build.props = Hexalith.Build.props
		Hexalith.globalconfig = Hexalith.globalconfig
		Hexalith.Package.props = Hexalith.Package.props
		Hexalith.Version.props = Hexalith.Version.props
		LICENSE = LICENSE
		package.json = package.json
		README.md = README.md
		stylecop.json = stylecop.json
	EndProjectSection
EndProject
Project("{2150E333-8FDC-42A3-9474-1A3956D46DE8}") = "Tools", "Tools", "{8721B1C6-15C9-497E-9925-A658396B458C}"
	ProjectSection(SolutionItems) = preProject
		Tools\builds-submodule-init.ps1 = Tools\builds-submodule-init.ps1
	EndProjectSection
EndProject
Project("{2150E333-8FDC-42A3-9474-1A3956D46DE8}") = ".github", ".github", "{1C4DC42B-3B17-43AB-AE64-F74FA67C45C8}"
EndProject
Project("{2150E333-8FDC-42A3-9474-1A3956D46DE8}") = "workflows", "workflows", "{A1BAF2D0-67E1-4A23-BE7E-74BB63208B9A}"
	ProjectSection(SolutionItems) = preProject
		.github\workflows\build-release.yml = .github\workflows\build-release.yml
		.github\workflows\copy-ai-assistant-instructions.yml = .github\workflows\copy-ai-assistant-instructions.yml
	EndProjectSection
EndProject
Project("{2150E333-8FDC-42A3-9474-1A3956D46DE8}") = "build-packages", "build-packages", "{92F655EE-E086-4CC2-A739-B7DF368155F0}"
	ProjectSection(SolutionItems) = preProject
		Github\build-packages\action.yml = Github\build-packages\action.yml
		Github\build-packages\README.md = Github\build-packages\README.md
	EndProjectSection
EndProject
Project("{2150E333-8FDC-42A3-9474-1A3956D46DE8}") = "create-release", "create-release", "{3641DD0D-A8EB-4A8A-9D01-9BBBC817EAD1}"
	ProjectSection(SolutionItems) = preProject
		Github\create-release\action.yml = Github\create-release\action.yml
		Github\create-release\README.md = Github\create-release\README.md
	EndProjectSection
EndProject
Project("{2150E333-8FDC-42A3-9474-1A3956D46DE8}") = "initialize-build", "initialize-build", "{166DC700-B846-4480-8852-2F905B812D97}"
	ProjectSection(SolutionItems) = preProject
		Github\initialize-build\action.yml = Github\initialize-build\action.yml
		Github\initialize-build\README.md = Github\initialize-build\README.md
	EndProjectSection
EndProject
Project("{2150E333-8FDC-42A3-9474-1A3956D46DE8}") = "initialize-dotnet", "initialize-dotnet", "{3D2AD65A-D0ED-4AF8-B59F-321AE5843196}"
	ProjectSection(SolutionItems) = preProject
		Github\initialize-dotnet\action.yml = Github\initialize-dotnet\action.yml
		Github\initialize-dotnet\README.md = Github\initialize-dotnet\README.md
	EndProjectSection
EndProject
Project("{2150E333-8FDC-42A3-9474-1A3956D46DE8}") = "publish-packages", "publish-packages", "{27F5DFE1-2F69-4342-8892-A7C79B5D643B}"
	ProjectSection(SolutionItems) = preProject
		Github\publish-packages\action.yml = Github\publish-packages\action.yml
		Github\publish-packages\README.md = Github\publish-packages\README.md
	EndProjectSection
EndProject
Project("{2150E333-8FDC-42A3-9474-1A3956D46DE8}") = "unit-tests", "unit-tests", "{EBF3EBAA-466E-4C5F-BBC2-36837317AE33}"
	ProjectSection(SolutionItems) = preProject
		Github\unit-tests\action.yml = Github\unit-tests\action.yml
		Github\unit-tests\README.md = Github\unit-tests\README.md
	EndProjectSection
EndProject
Project("{2150E333-8FDC-42A3-9474-1A3956D46DE8}") = "version", "version", "{4834D1DF-1EA5-406F-8F9F-30643AFC87E6}"
	ProjectSection(SolutionItems) = preProject
		Github\version\action.yml = Github\version\action.yml
		Github\version\README.md = Github\version\README.md
	EndProjectSection
EndProject
Project("{2150E333-8FDC-42A3-9474-1A3956D46DE8}") = "package-release", "package-release", "{7C597B24-96C0-49D6-80E4-FAAF410B2418}"
	ProjectSection(SolutionItems) = preProject
		Github\package-release\action.yml = Github\package-release\action.yml
		Github\package-release\README.md = Github\package-release\README.md
	EndProjectSection
EndProject
Project("{2150E333-8FDC-42A3-9474-1A3956D46DE8}") = "publish-azure-container-app", "publish-azure-container-app", "{BBDEC05C-F536-0BF7-FE72-7453AE9FB43C}"
	ProjectSection(SolutionItems) = preProject
		Github\publish-azure-container-app\action.yml = Github\publish-azure-container-app\action.yml
		Github\publish-azure-container-app\README.md = Github\publish-azure-container-app\README.md
	EndProjectSection
EndProject
Project("{2150E333-8FDC-42A3-9474-1A3956D46DE8}") = "publish-container-to-registry", "publish-container-to-registry", "{4313965C-2013-2A78-C421-2CE966E564A7}"
	ProjectSection(SolutionItems) = preProject
		Github\publish-container-to-registry\action.yml = Github\publish-container-to-registry\action.yml
		Github\publish-container-to-registry\README.md = Github\publish-container-to-registry\README.md
	EndProjectSection
EndProject
Project("{2150E333-8FDC-42A3-9474-1A3956D46DE8}") = "Props", "Props", "{1C50D51B-C20D-A006-B2CD-28574D7CB8ED}"
	ProjectSection(SolutionItems) = preProject
		Props\Directory.Packages.props = Props\Directory.Packages.props
		Props\Environment.Build.props = Props\Environment.Build.props
	EndProjectSection
EndProject
Global
	GlobalSection(SolutionProperties) = preSolution
		HideSolutionNode = FALSE
	EndGlobalSection
	GlobalSection(NestedProjects) = preSolution
		{A1BAF2D0-67E1-4A23-BE7E-74BB63208B9A} = {1C4DC42B-3B17-43AB-AE64-F74FA67C45C8}
		{92F655EE-E086-4CC2-A739-B7DF368155F0} = {02EA681E-C7D8-13C7-8484-4AC65E1B71E8}
		{3641DD0D-A8EB-4A8A-9D01-9BBBC817EAD1} = {02EA681E-C7D8-13C7-8484-4AC65E1B71E8}
		{166DC700-B846-4480-8852-2F905B812D97} = {02EA681E-C7D8-13C7-8484-4AC65E1B71E8}
		{3D2AD65A-D0ED-4AF8-B59F-321AE5843196} = {02EA681E-C7D8-13C7-8484-4AC65E1B71E8}
		{27F5DFE1-2F69-4342-8892-A7C79B5D643B} = {02EA681E-C7D8-13C7-8484-4AC65E1B71E8}
		{EBF3EBAA-466E-4C5F-BBC2-36837317AE33} = {02EA681E-C7D8-13C7-8484-4AC65E1B71E8}
		{4834D1DF-1EA5-406F-8F9F-30643AFC87E6} = {02EA681E-C7D8-13C7-8484-4AC65E1B71E8}
		{7C597B24-96C0-49D6-80E4-FAAF410B2418} = {02EA681E-C7D8-13C7-8484-4AC65E1B71E8}
		{BBDEC05C-F536-0BF7-FE72-7453AE9FB43C} = {02EA681E-C7D8-13C7-8484-4AC65E1B71E8}
		{4313965C-2013-2A78-C421-2CE966E564A7} = {02EA681E-C7D8-13C7-8484-4AC65E1B71E8}
	EndGlobalSection
	GlobalSection(ExtensibilityGlobals) = postSolution
		SolutionGuid = {84B6AB08-779D-4DE4-9584-45B541B606D5}
	EndGlobalSection
EndGlobal
